// !$*UTF8*$!
{
	archiveVersion = 1;
	classes = {
	};
	objectVersion = 77;
	objects = {

/* Begin PBXBuildFile section */
		37FE74B22ED7A4940074BA08 /* Auth in Frameworks */ = {isa = PBXBuildFile; productRef = 37FE74B12ED7A4940074BA08 /* Auth */; };
		37FE74B42ED7A4940074BA08 /* Functions in Frameworks */ = {isa = PBXBuildFile; productRef = 37FE74B32ED7A4940074BA08 /* Functions */; };
		37FE74B62ED7A4940074BA08 /* PostgREST in Frameworks */ = {isa = PBXBuildFile; productRef = 37FE74B52ED7A4940074BA08 /* PostgREST */; };
		37FE74B82ED7A4940074BA08 /* Realtime in Frameworks */ = {isa = PBXBuildFile; productRef = 37FE74B72ED7A4940074BA08 /* Realtime */; };
		37FE74BA2ED7A4940074BA08 /* Storage in Frameworks */ = {isa = PBXBuildFile; productRef = 37FE74B92ED7A4940074BA08 /* Storage */; };
		37FE74BD2ED7A4AA0074BA08 /* GoogleSignIn in Frameworks */ = {isa = PBXBuildFile; productRef = 37FE74BC2ED7A4AA0074BA08 /* GoogleSignIn */; };
		37FE74BF2ED7A4AA0074BA08 /* GoogleSignInSwift in Frameworks */ = {isa = PBXBuildFile; productRef = 37FE74BE2ED7A4AA0074BA08 /* GoogleSignInSwift */; };
		37FE74C22ED7A4C30074BA08 /* Kingfisher in Frameworks */ = {isa = PBXBuildFile; productRef = 37FE74C12ED7A4C30074BA08 /* Kingfisher */; };
		37FE74C72ED7A9D70074BA08 /* Supabase in Frameworks */ = {isa = PBXBuildFile; productRef = 37FE74C62ED7A9D70074BA08 /* Supabase */; };
/* End PBXBuildFile section */

/* Begin PBXFileReference section */
		37FE743F2ED785250074BA08 /* oneshot.app */ = {isa = PBXFileReference; explicitFileType = wrapper.application; includeInIndex = 0; path = oneshot.app; sourceTree = BUILT_PRODUCTS_DIR; };
/* End PBXFileReference section */

/* Begin PBXFileSystemSynchronizedBuildFileExceptionSet section */
		37FE74C42ED7A7080074BA08 /* Exceptions for "oneshot" folder in "oneshot" target */ = {
			isa = PBXFileSystemSynchronizedBuildFileExceptionSet;
			membershipExceptions = (
				Info.plist,
			);
			target = 37FE743E2ED785250074BA08 /* oneshot */;
		};
/* End PBXFileSystemSynchronizedBuildFileExceptionSet section */

/* Begin PBXFileSystemSynchronizedRootGroup section */
		37FE74412ED785250074BA08 /* oneshot */ = {
			isa = PBXFileSystemSynchronizedRootGroup;
			exceptions = (
				37FE74C42ED7A7080074BA08 /* Exceptions for "oneshot" folder in "oneshot" target */,
			);
			path = oneshot;
			sourceTree = "<group>";
		};
/* End PBXFileSystemSynchronizedRootGroup section */

/* Begin PBXFrameworksBuildPhase section */
		37FE743C2ED785250074BA08 /* Frameworks */ = {
			isa = PBXFrameworksBuildPhase;
			buildActionMask = 2147483647;
			files = (
				37FE74B62ED7A4940074BA08 /* PostgREST in Frameworks */,
				37FE74B42ED7A4940074BA08 /* Functions in Frameworks */,
				37FE74BF2ED7A4AA0074BA08 /* GoogleSignInSwift in Frameworks */,
				37FE74B22ED7A4940074BA08 /* Auth in Frameworks */,
				37FE74C22ED7A4C30074BA08 /* Kingfisher in Frameworks */,
				37FE74C72ED7A9D70074BA08 /* Supabase in Frameworks */,
				37FE74BA2ED7A4940074BA08 /* Storage in Frameworks */,
				37FE74B82ED7A4940074BA08 /* Realtime in Frameworks */,
				37FE74BD2ED7A4AA0074BA08 /* GoogleSignIn in Frameworks */,
			);
			runOnlyForDeploymentPostprocessing = 0;
		};
/* End PBXFrameworksBuildPhase section */

/* Begin PBXGroup section */
		37FE74362ED785250074BA08 = {
			isa = PBXGroup;
			children = (
				37FE74412ED785250074BA08 /* oneshot */,
				37FE74C52ED7A9D70074BA08 /* Frameworks */,
				37FE74402ED785250074BA08 /* Products */,
			);
			sourceTree = "<group>";
		};
		37FE74402ED785250074BA08 /* Products */ = {
			isa = PBXGroup;
			children = (
				37FE743F2ED785250074BA08 /* oneshot.app */,
			);
			name = Products;
			sourceTree = "<group>";
		};
		37FE74C52ED7A9D70074BA08 /* Frameworks */ = {
			isa = PBXGroup;
			children = (
			);
			name = Frameworks;
			sourceTree = "<group>";
		};
/* End PBXGroup section */

/* Begin PBXNativeTarget section */
		37FE743E2ED785250074BA08 /* oneshot */ = {
			isa = PBXNativeTarget;
			buildConfigurationList = 37FE744A2ED785260074BA08 /* Build configuration list for PBXNativeTarget "oneshot" */;
			buildPhases = (
				37FE743B2ED785250074BA08 /* Sources */,
				37FE743C2ED785250074BA08 /* Frameworks */,
				37FE743D2ED785250074BA08 /* Resources */,
			);
			buildRules = (
			);
			dependencies = (
			);
			fileSystemSynchronizedGroups = (
				37FE74412ED785250074BA08 /* oneshot */,
			);
			name = oneshot;
			packageProductDependencies = (
				37FE74B12ED7A4940074BA08 /* Auth */,
				37FE74B32ED7A4940074BA08 /* Functions */,
				37FE74B52ED7A4940074BA08 /* PostgREST */,
				37FE74B72ED7A4940074BA08 /* Realtime */,
				37FE74B92ED7A4940074BA08 /* Storage */,
				37FE74BC2ED7A4AA0074BA08 /* GoogleSignIn */,
				37FE74BE2ED7A4AA0074BA08 /* GoogleSignInSwift */,
				37FE74C12ED7A4C30074BA08 /* Kingfisher */,
				37FE74C62ED7A9D70074BA08 /* Supabase */,
			);
			productName = oneshot;
			productReference = 37FE743F2ED785250074BA08 /* oneshot.app */;
			productType = "com.apple.product-type.application";
		};
/* End PBXNativeTarget section */

/* Begin PBXProject section */
		37FE74372ED785250074BA08 /* Project object */ = {
			isa = PBXProject;
			attributes = {
				BuildIndependentTargetsInParallel = 1;
				LastSwiftUpdateCheck = 2610;
				LastUpgradeCheck = 2610;
				TargetAttributes = {
					37FE743E2ED785250074BA08 = {
						CreatedOnToolsVersion = 26.1.1;
					};
				};
			};
			buildConfigurationList = 37FE743A2ED785250074BA08 /* Build configuration list for PBXProject "oneshot" */;
			developmentRegion = en;
			hasScannedForEncodings = 0;
			knownRegions = (
				en,
				Base,
			);
			mainGroup = 37FE74362ED785250074BA08;
			minimizedProjectReferenceProxies = 1;
			packageReferences = (
				37FE74B02ED7A4940074BA08 /* XCRemoteSwiftPackageReference "supabase-swift" */,
				37FE74BB2ED7A4AA0074BA08 /* XCRemoteSwiftPackageReference "GoogleSignIn-iOS" */,
				37FE74C02ED7A4C30074BA08 /* XCRemoteSwiftPackageReference "Kingfisher" */,
			);
			preferredProjectObjectVersion = 77;
			productRefGroup = 37FE74402ED785250074BA08 /* Products */;
			projectDirPath = "";
			projectRoot = "";
			targets = (
				37FE743E2ED785250074BA08 /* oneshot */,
			);
		};
/* End PBXProject section */

/* Begin PBXResourcesBuildPhase section */
		37FE743D2ED785250074BA08 /* Resources */ = {
			isa = PBXResourcesBuildPhase;
			buildActionMask = 2147483647;
			files = (
			);
			runOnlyForDeploymentPostprocessing = 0;
		};
/* End PBXResourcesBuildPhase section */

/* Begin PBXSourcesBuildPhase section */
		37FE743B2ED785250074BA08 /* Sources */ = {
			isa = PBXSourcesBuildPhase;
			buildActionMask = 2147483647;
			files = (
			);
			runOnlyForDeploymentPostprocessing = 0;
		};
/* End PBXSourcesBuildPhase section */

/* Begin XCBuildConfiguration section */
		37FE74482ED785260074BA08 /* Debug */ = {
			isa = XCBuildConfiguration;
			buildSettings = {
				ALWAYS_SEARCH_USER_PATHS = NO;
				ASSETCATALOG_COMPILER_GENERATE_SWIFT_ASSET_SYMBOL_EXTENSIONS = YES;
				CLANG_ANALYZER_NONNULL = YES;
				CLANG_ANALYZER_NUMBER_OBJECT_CONVERSION = YES_AGGRESSIVE;
				CLANG_CXX_LANGUAGE_STANDARD = "gnu++20";
				CLANG_ENABLE_MODULES = YES;
				CLANG_ENABLE_OBJC_ARC = YES;
				CLANG_ENABLE_OBJC_WEAK = YES;
				CLANG_WARN_BLOCK_CAPTURE_AUTORELEASING = YES;
				CLANG_WARN_BOOL_CONVERSION = YES;
				CLANG_WARN_COMMA = YES;
				CLANG_WARN_CONSTANT_CONVERSION = YES;
				CLANG_WARN_DEPRECATED_OBJC_IMPLEMENTATIONS = YES;
				CLANG_WARN_DIRECT_OBJC_ISA_USAGE = YES_ERROR;
				CLANG_WARN_DOCUMENTATION_COMMENTS = YES;
				CLANG_WARN_EMPTY_BODY = YES;
				CLANG_WARN_ENUM_CONVERSION = YES;
				CLANG_WARN_INFINITE_RECURSION = YES;
				CLANG_WARN_INT_CONVERSION = YES;
				CLANG_WARN_NON_LITERAL_NULL_CONVERSION = YES;
				CLANG_WARN_OBJC_IMPLICIT_RETAIN_SELF = YES;
				CLANG_WARN_OBJC_LITERAL_CONVERSION = YES;
				CLANG_WARN_OBJC_ROOT_CLASS = YES_ERROR;
				CLANG_WARN_QUOTED_INCLUDE_IN_FRAMEWORK_HEADER = YES;
				CLANG_WARN_RANGE_LOOP_ANALYSIS = YES;
				CLANG_WARN_STRICT_PROTOTYPES = YES;
				CLANG_WARN_SUSPICIOUS_MOVE = YES;
				CLANG_WARN_UNGUARDED_AVAILABILITY = YES_AGGRESSIVE;
				CLANG_WARN_UNREACHABLE_CODE = YES;
				CLANG_WARN__DUPLICATE_METHOD_MATCH = YES;
				COPY_PHASE_STRIP = NO;
				DEBUG_INFORMATION_FORMAT = dwarf;
				DEVELOPMENT_TEAM = 55SQ3S8VSZ;
				ENABLE_STRICT_OBJC_MSGSEND = YES;
				ENABLE_TESTABILITY = YES;
				ENABLE_USER_SCRIPT_SANDBOXING = YES;
				GCC_C_LANGUAGE_STANDARD = gnu17;
				GCC_DYNAMIC_NO_PIC = NO;
				GCC_NO_COMMON_BLOCKS = YES;
				GCC_OPTIMIZATION_LEVEL = 0;
				GCC_PREPROCESSOR_DEFINITIONS = (
					"DEBUG=1",
					"$(inherited)",
				);
				GCC_WARN_64_TO_32_BIT_CONVERSION = YES;
				GCC_WARN_ABOUT_RETURN_TYPE = YES_ERROR;
				GCC_WARN_UNDECLARED_SELECTOR = YES;
				GCC_WARN_UNINITIALIZED_AUTOS = YES_AGGRESSIVE;
				GCC_WARN_UNUSED_FUNCTION = YES;
				GCC_WARN_UNUSED_VARIABLE = YES;
				IPHONEOS_DEPLOYMENT_TARGET = 26.1;
				LOCALIZATION_PREFERS_STRING_CATALOGS = YES;
				MTL_ENABLE_DEBUG_INFO = INCLUDE_SOURCE;
				MTL_FAST_MATH = YES;
				ONLY_ACTIVE_ARCH = YES;
				SDKROOT = iphoneos;
				SWIFT_ACTIVE_COMPILATION_CONDITIONS = "DEBUG $(inherited)";
				SWIFT_OPTIMIZATION_LEVEL = "-Onone";
			};
			name = Debug;
		};
		37FE74492ED785260074BA08 /* Release */ = {
			isa = XCBuildConfiguration;
			buildSettings = {
				ALWAYS_SEARCH_USER_PATHS = NO;
				ASSETCATALOG_COMPILER_GENERATE_SWIFT_ASSET_SYMBOL_EXTENSIONS = YES;
				CLANG_ANALYZER_NONNULL = YES;
				CLANG_ANALYZER_NUMBER_OBJECT_CONVERSION = YES_AGGRESSIVE;
				CLANG_CXX_LANGUAGE_STANDARD = "gnu++20";
				CLANG_ENABLE_MODULES = YES;
				CLANG_ENABLE_OBJC_ARC = YES;
				CLANG_ENABLE_OBJC_WEAK = YES;
				CLANG_WARN_BLOCK_CAPTURE_AUTORELEASING = YES;
				CLANG_WARN_BOOL_CONVERSION = YES;
				CLANG_WARN_COMMA = YES;
				CLANG_WARN_CONSTANT_CONVERSION = YES;
				CLANG_WARN_DEPRECATED_OBJC_IMPLEMENTATIONS = YES;
				CLANG_WARN_DIRECT_OBJC_ISA_USAGE = YES_ERROR;
				CLANG_WARN_DOCUMENTATION_COMMENTS = YES;
				CLANG_WARN_EMPTY_BODY = YES;
				CLANG_WARN_ENUM_CONVERSION = YES;
				CLANG_WARN_INFINITE_RECURSION = YES;
				CLANG_WARN_INT_CONVERSION = YES;
				CLANG_WARN_NON_LITERAL_NULL_CONVERSION = YES;
				CLANG_WARN_OBJC_IMPLICIT_RETAIN_SELF = YES;
				CLANG_WARN_OBJC_LITERAL_CONVERSION = YES;
				CLANG_WARN_OBJC_ROOT_CLASS = YES_ERROR;
				CLANG_WARN_QUOTED_INCLUDE_IN_FRAMEWORK_HEADER = YES;
				CLANG_WARN_RANGE_LOOP_ANALYSIS = YES;
				CLANG_WARN_STRICT_PROTOTYPES = YES;
				CLANG_WARN_SUSPICIOUS_MOVE = YES;
				CLANG_WARN_UNGUARDED_AVAILABILITY = YES_AGGRESSIVE;
				CLANG_WARN_UNREACHABLE_CODE = YES;
				CLANG_WARN__DUPLICATE_METHOD_MATCH = YES;
				COPY_PHASE_STRIP = NO;
				DEBUG_INFORMATION_FORMAT = "dwarf-with-dsym";
				DEVELOPMENT_TEAM = 55SQ3S8VSZ;
				ENABLE_NS_ASSERTIONS = NO;
				ENABLE_STRICT_OBJC_MSGSEND = YES;
				ENABLE_USER_SCRIPT_SANDBOXING = YES;
				GCC_C_LANGUAGE_STANDARD = gnu17;
				GCC_NO_COMMON_BLOCKS = YES;
				GCC_WARN_64_TO_32_BIT_CONVERSION = YES;
				GCC_WARN_ABOUT_RETURN_TYPE = YES_ERROR;
				GCC_WARN_UNDECLARED_SELECTOR = YES;
				GCC_WARN_UNINITIALIZED_AUTOS = YES_AGGRESSIVE;
				GCC_WARN_UNUSED_FUNCTION = YES;
				GCC_WARN_UNUSED_VARIABLE = YES;
				IPHONEOS_DEPLOYMENT_TARGET = 26.1;
				LOCALIZATION_PREFERS_STRING_CATALOGS = YES;
				MTL_ENABLE_DEBUG_INFO = NO;
				MTL_FAST_MATH = YES;
				SDKROOT = iphoneos;
				SWIFT_COMPILATION_MODE = wholemodule;
				VALIDATE_PRODUCT = YES;
			};
			name = Release;
		};
		37FE744B2ED785260074BA08 /* Debug */ = {
			isa = XCBuildConfiguration;
			buildSettings = {
				ASSETCATALOG_COMPILER_APPICON_NAME = AppIcon;
				ASSETCATALOG_COMPILER_GLOBAL_ACCENT_COLOR_NAME = AccentColor;
				CODE_SIGN_IDENTITY = "Apple Development";
				CODE_SIGN_STYLE = Automatic;
				CURRENT_PROJECT_VERSION = 1;
				DEVELOPMENT_TEAM = 55SQ3S8VSZ;
				ENABLE_PREVIEWS = YES;
				GENERATE_INFOPLIST_FILE = YES;
				INFOPLIST_FILE = oneshot/Info.plist;
				INFOPLIST_KEY_NSCameraUsageDescription = "We use your camera so you can take profile photos.";
				INFOPLIST_KEY_NSPhotoLibraryUsageDescription = "We use your photo library so you can upload profile photos.";
				INFOPLIST_KEY_UIApplicationSceneManifest_Generation = YES;
				INFOPLIST_KEY_UIApplicationSupportsIndirectInputEvents = YES;
				INFOPLIST_KEY_UILaunchScreen_Generation = YES;
				INFOPLIST_KEY_UISupportedInterfaceOrientations_iPad = "UIInterfaceOrientationPortrait UIInterfaceOrientationPortraitUpsideDown UIInterfaceOrientationLandscapeLeft UIInterfaceOrientationLandscapeRight";
				INFOPLIST_KEY_UISupportedInterfaceOrientations_iPhone = "UIInterfaceOrientationPortrait UIInterfaceOrientationLandscapeLeft UIInterfaceOrientationLandscapeRight";
				LD_RUNPATH_SEARCH_PATHS = (
					"$(inherited)",
					"@executable_path/Frameworks",
				);
				MARKETING_VERSION = 1.0;
				PRODUCT_BUNDLE_IDENTIFIER = com.doubledate.app.oneshot;
				PRODUCT_NAME = "$(TARGET_NAME)";
				PROVISIONING_PROFILE_SPECIFIER = "";
				STRING_CATALOG_GENERATE_SYMBOLS = YES;
				SWIFT_APPROACHABLE_CONCURRENCY = YES;
				SWIFT_DEFAULT_ACTOR_ISOLATION = MainActor;
				SWIFT_EMIT_LOC_STRINGS = YES;
				SWIFT_UPCOMING_FEATURE_MEMBER_IMPORT_VISIBILITY = YES;
				SWIFT_VERSION = 5.0;
				TARGETED_DEVICE_FAMILY = "1,2";
			};
			name = Debug;
		};
		37FE744C2ED785260074BA08 /* Release */ = {
			isa = XCBuildConfiguration;
			buildSettings = {
				ASSETCATALOG_COMPILER_APPICON_NAME = AppIcon;
				ASSETCATALOG_COMPILER_GLOBAL_ACCENT_COLOR_NAME = AccentColor;
				CODE_SIGN_IDENTITY = "Apple Development";
				CODE_SIGN_STYLE = Automatic;
				CURRENT_PROJECT_VERSION = 1;
				DEVELOPMENT_TEAM = 55SQ3S8VSZ;
				ENABLE_PREVIEWS = YES;
				GENERATE_INFOPLIST_FILE = YES;
				INFOPLIST_FILE = oneshot/Info.plist;
				INFOPLIST_KEY_NSCameraUsageDescription = "We use your camera so you can take profile photos.";
				INFOPLIST_KEY_NSPhotoLibraryUsageDescription = "We use your photo library so you can upload profile photos.";
				INFOPLIST_KEY_UIApplicationSceneManifest_Generation = YES;
				INFOPLIST_KEY_UIApplicationSupportsIndirectInputEvents = YES;
				INFOPLIST_KEY_UILaunchScreen_Generation = YES;
				INFOPLIST_KEY_UISupportedInterfaceOrientations_iPad = "UIInterfaceOrientationPortrait UIInterfaceOrientationPortraitUpsideDown UIInterfaceOrientationLandscapeLeft UIInterfaceOrientationLandscapeRight";
				INFOPLIST_KEY_UISupportedInterfaceOrientations_iPhone = "UIInterfaceOrientationPortrait UIInterfaceOrientationLandscapeLeft UIInterfaceOrientationLandscapeRight";
				LD_RUNPATH_SEARCH_PATHS = (
					"$(inherited)",
					"@executable_path/Frameworks",
				);
				MARKETING_VERSION = 1.0;
				PRODUCT_BUNDLE_IDENTIFIER = com.doubledate.app.oneshot;
				PRODUCT_NAME = "$(TARGET_NAME)";
				PROVISIONING_PROFILE_SPECIFIER = "";
				STRING_CATALOG_GENERATE_SYMBOLS = YES;
				SWIFT_APPROACHABLE_CONCURRENCY = YES;
				SWIFT_DEFAULT_ACTOR_ISOLATION = MainActor;
				SWIFT_EMIT_LOC_STRINGS = YES;
				SWIFT_UPCOMING_FEATURE_MEMBER_IMPORT_VISIBILITY = YES;
				SWIFT_VERSION = 5.0;
				TARGETED_DEVICE_FAMILY = "1,2";
			};
			name = Release;
		};
/* End XCBuildConfiguration section */

/* Begin XCConfigurationList section */
		37FE743A2ED785250074BA08 /* Build configuration list for PBXProject "oneshot" */ = {
			isa = XCConfigurationList;
			buildConfigurations = (
				37FE74482ED785260074BA08 /* Debug */,
				37FE74492ED785260074BA08 /* Release */,
			);
			defaultConfigurationIsVisible = 0;
			defaultConfigurationName = Release;
		};
		37FE744A2ED785260074BA08 /* Build configuration list for PBXNativeTarget "oneshot" */ = {
			isa = XCConfigurationList;
			buildConfigurations = (
				37FE744B2ED785260074BA08 /* Debug */,
				37FE744C2ED785260074BA08 /* Release */,
			);
			defaultConfigurationIsVisible = 0;
			defaultConfigurationName = Release;
		};
/* End XCConfigurationList section */

/* Begin XCRemoteSwiftPackageReference section */
		37FE74B02ED7A4940074BA08 /* XCRemoteSwiftPackageReference "supabase-swift" */ = {
			isa = XCRemoteSwiftPackageReference;
			repositoryURL = "https://github.com/supabase/supabase-swift";
			requirement = {
				kind = upToNextMajorVersion;
				minimumVersion = 2.5.1;
			};
		};
		37FE74BB2ED7A4AA0074BA08 /* XCRemoteSwiftPackageReference "GoogleSignIn-iOS" */ = {
			isa = XCRemoteSwiftPackageReference;
			repositoryURL = "https://github.com/google/GoogleSignIn-iOS";
			requirement = {
				kind = upToNextMajorVersion;
				minimumVersion = 9.0.0;
			};
		};
		37FE74C02ED7A4C30074BA08 /* XCRemoteSwiftPackageReference "Kingfisher" */ = {
			isa = XCRemoteSwiftPackageReference;
			repositoryURL = "https://github.com/onevcat/Kingfisher";
			requirement = {
				kind = upToNextMajorVersion;
				minimumVersion = 8.6.2;
			};
		};
/* End XCRemoteSwiftPackageReference section */

/* Begin XCSwiftPackageProductDependency section */
		37FE74B12ED7A4940074BA08 /* Auth */ = {
			isa = XCSwiftPackageProductDependency;
			package = 37FE74B02ED7A4940074BA08 /* XCRemoteSwiftPackageReference "supabase-swift" */;
			productName = Auth;
		};
		37FE74B32ED7A4940074BA08 /* Functions */ = {
			isa = XCSwiftPackageProductDependency;
			package = 37FE74B02ED7A4940074BA08 /* XCRemoteSwiftPackageReference "supabase-swift" */;
			productName = Functions;
		};
		37FE74B52ED7A4940074BA08 /* PostgREST */ = {
			isa = XCSwiftPackageProductDependency;
			package = 37FE74B02ED7A4940074BA08 /* XCRemoteSwiftPackageReference "supabase-swift" */;
			productName = PostgREST;
		};
		37FE74B72ED7A4940074BA08 /* Realtime */ = {
			isa = XCSwiftPackageProductDependency;
			package = 37FE74B02ED7A4940074BA08 /* XCRemoteSwiftPackageReference "supabase-swift" */;
			productName = Realtime;
		};
		37FE74B92ED7A4940074BA08 /* Storage */ = {
			isa = XCSwiftPackageProductDependency;
			package = 37FE74B02ED7A4940074BA08 /* XCRemoteSwiftPackageReference "supabase-swift" */;
			productName = Storage;
		};
		37FE74BC2ED7A4AA0074BA08 /* GoogleSignIn */ = {
			isa = XCSwiftPackageProductDependency;
			package = 37FE74BB2ED7A4AA0074BA08 /* XCRemoteSwiftPackageReference "GoogleSignIn-iOS" */;
			productName = GoogleSignIn;
		};
		37FE74BE2ED7A4AA0074BA08 /* GoogleSignInSwift */ = {
			isa = XCSwiftPackageProductDependency;
			package = 37FE74BB2ED7A4AA0074BA08 /* XCRemoteSwiftPackageReference "GoogleSignIn-iOS" */;
			productName = GoogleSignInSwift;
		};
		37FE74C12ED7A4C30074BA08 /* Kingfisher */ = {
			isa = XCSwiftPackageProductDependency;
			package = 37FE74C02ED7A4C30074BA08 /* XCRemoteSwiftPackageReference "Kingfisher" */;
			productName = Kingfisher;
		};
		37FE74C62ED7A9D70074BA08 /* Supabase */ = {
			isa = XCSwiftPackageProductDependency;
			package = 37FE74B02ED7A4940074BA08 /* XCRemoteSwiftPackageReference "supabase-swift" */;
			productName = Supabase;
		};
/* End XCSwiftPackageProductDependency section */
	};
	rootObject = 37FE74372ED785250074BA08 /* Project object */;
}
